
Microsoft Visual Studio Solution File, Format Version 12.00
# Visual Studio Version 17
VisualStudioVersion = 17.14.37628.2 d17.14
MinimumVisualStudioVersion = 10.0.40219.1
Project("{FAE04EC0-301F-11D3-BF4B-00C04F79EFBC}") = "TIJAABO", "TIJAABO\TIJAABO.csproj", "{DCB4FF36-9354-488A-A356-0E1E077AD9BD}"
EndProject
Global
	GlobalSection(SolutionConfigurationPlatforms) = preSolution
		Debug|Any CPU = Debug|Any CPU
		Release|Any CPU = Release|Any CPU
	EndGlobalSection
	GlobalSection(ProjectConfigurationPlatforms) = postSolution
		{DCB4FF36-9354-488A-A356-0E1E077AD9BD}.Debug|Any CPU.ActiveCfg = Debug|Any CPU
		{DCB4FF36-9354-488A-A356-0E1E077AD9BD}.Debug|Any CPU.Build.0 = Debug|Any CPU
		{DCB4FF36-9354-488A-A356-0E1E077AD9BD}.Release|Any CPU.ActiveCfg = Release|Any CPU
		{DCB4FF36-9354-488A-A356-0E1E077AD9BD}.Release|Any CPU.Build.0 = Release|Any CPU
	EndGlobalSection
	GlobalSection(SolutionProperties) = preSolution
		HideSolutionNode = FALSE
	EndGlobalSection
	GlobalSection(ExtensibilityGlobals) = postSolution
		SolutionGuid = {9B3A4B47-E133-4C4F-B492-5D56995DA890}
	EndGlobalSection
EndGlobal
